
Microsoft Visual Studio Solution File, Format Version 12.00
# Visual Studio Version 17
VisualStudioVersion = 17.11.35312.102
MinimumVisualStudioVersion = 10.0.40219.1
Project("{9A19103F-16F7-4668-BE54-9A1E7A4F7556}") = "PatientManagement", "PatientManagement.csproj", "{0550E26D-78EE-4BF7-AF7F-DE0ACB69243A}"
EndProject
Global
	GlobalSection(SolutionConfigurationPlatforms) = preSolution
		Debug|Any CPU = Debug|Any CPU
		Release|Any CPU = Release|Any CPU
	EndGlobalSection
	GlobalSection(ProjectConfigurationPlatforms) = postSolution
		{0550E26D-78EE-4BF7-AF7F-DE0ACB69243A}.Debug|Any CPU.ActiveCfg = Debug|Any CPU
		{0550E26D-78EE-4BF7-AF7F-DE0ACB69243A}.Debug|Any CPU.Build.0 = Debug|Any CPU
		{0550E26D-78EE-4BF7-AF7F-DE0ACB69243A}.Release|Any CPU.ActiveCfg = Release|Any CPU
		{0550E26D-78EE-4BF7-AF7F-DE0ACB69243A}.Release|Any CPU.Build.0 = Release|Any CPU
	EndGlobalSection
	GlobalSection(SolutionProperties) = preSolution
		HideSolutionNode = FALSE
	EndGlobalSection
	GlobalSection(ExtensibilityGlobals) = postSolution
		SolutionGuid = {27C33415-8B42-4264-88D6-CEE28B1A1211}
	EndGlobalSection
EndGlobal
